{
  "name": "moroccan-adentures-v2",
  "version": "2.0.0",
  "lockfileVersion": 2,
  "requires": true,
  "packages": {
    "": {
      "name": "moroccan-adentures-v2",
      "version": "2.0.0",
      "license": "ISC",
      "dependencies": {
        "parvus": "^1.2.0"
      }
    },
    "node_modules/parvus": {
      "version": "1.2.0",
      "resolved": "https://registry.npmjs.org/parvus/-/parvus-1.2.0.tgz",
      "integrity": "sha512-uvJaaT/0Q3zFS+JQlSuqXuFQYp7BF3U8tMWXVd1a84IsvJH1qvqf4SK5abXlJ9CkSJyP1hdzfhjE6tIQAR6O6A=="
    }
  },
  "dependencies": {
    "parvus": {
      "version": "1.2.0",
      "resolved": "https://registry.npmjs.org/parvus/-/parvus-1.2.0.tgz",
      "integrity": "sha512-uvJaaT/0Q3zFS+JQlSuqXuFQYp7BF3U8tMWXVd1a84IsvJH1qvqf4SK5abXlJ9CkSJyP1hdzfhjE6tIQAR6O6A=="
    }
  }
}
